
Microsoft Visual Studio Solution File, Format Version 12.00
# Visual Studio Version 17
VisualStudioVersion = 17.14.36109.1 d17.14
MinimumVisualStudioVersion = 10.0.40219.1
Project("{8BC9CEB8-8B4A-11D0-8D11-00A0C91BC942}") = "OpenSiv3D_STG", "OpenSiv3D_STG\OpenSiv3D_STG.vcxproj", "{84F9CE02-FEDC-43CD-9C13-4DBE585AFF6D}"
EndProject
Global
	GlobalSection(SolutionConfigurationPlatforms) = preSolution
		Debug|x64 = Debug|x64
		Release|x64 = Release|x64
	EndGlobalSection
	GlobalSection(ProjectConfigurationPlatforms) = postSolution
		{84F9CE02-FEDC-43CD-9C13-4DBE585AFF6D}.Debug|x64.ActiveCfg = Debug|x64
		{84F9CE02-FEDC-43CD-9C13-4DBE585AFF6D}.Debug|x64.Build.0 = Debug|x64
		{84F9CE02-FEDC-43CD-9C13-4DBE585AFF6D}.Release|x64.ActiveCfg = Release|x64
		{84F9CE02-FEDC-43CD-9C13-4DBE585AFF6D}.Release|x64.Build.0 = Release|x64
	EndGlobalSection
	GlobalSection(SolutionProperties) = preSolution
		HideSolutionNode = FALSE
	EndGlobalSection
	GlobalSection(ExtensibilityGlobals) = postSolution
		SolutionGuid = {579081B4-7A2E-494A-97C7-1B0356990F16}
	EndGlobalSection
EndGlobal
